
Microsoft Visual Studio Solution File, Format Version 12.00
# Visual Studio Version 16
VisualStudioVersion = 16.0.31605.320
MinimumVisualStudioVersion = 10.0.40219.1
Project("{FAE04EC0-301F-11D3-BF4B-00C04F79EFBC}") = "PropTransaction", "PropTransaction\PropTransaction.csproj", "{194069E9-994D-4B8E-9F11-872961B6B778}"
EndProject
Global
	GlobalSection(SolutionConfigurationPlatforms) = preSolution
		Debug|Any CPU = Debug|Any CPU
		Release|Any CPU = Release|Any CPU
	EndGlobalSection
	GlobalSection(ProjectConfigurationPlatforms) = postSolution
		{194069E9-994D-4B8E-9F11-872961B6B778}.Debug|Any CPU.ActiveCfg = Debug|Any CPU
		{194069E9-994D-4B8E-9F11-872961B6B778}.Debug|Any CPU.Build.0 = Debug|Any CPU
		{194069E9-994D-4B8E-9F11-872961B6B778}.Release|Any CPU.ActiveCfg = Release|Any CPU
		{194069E9-994D-4B8E-9F11-872961B6B778}.Release|Any CPU.Build.0 = Release|Any CPU
	EndGlobalSection
	GlobalSection(SolutionProperties) = preSolution
		HideSolutionNode = FALSE
	EndGlobalSection
	GlobalSection(ExtensibilityGlobals) = postSolution
		SolutionGuid = {50AA14F7-263D-4DAF-BFCD-55FEA8848E0F}
	EndGlobalSection
EndGlobal
